
Microsoft Visual Studio Solution File, Format Version 12.00
Project("{FAE04EC0-301F-11D3-BF4B-00C04F79EFBC}") = "PublishMessageProducer", "PublishMessageProducer\PublishMessageProducer.csproj", "{3EC50F12-89CD-46D4-AC41-B5A015A37F9D}"
EndProject
Project("{FAE04EC0-301F-11D3-BF4B-00C04F79EFBC}") = "PublishMessageConsumer", "PublishMessageConsumer\PublishMessageConsumer.csproj", "{C063F2BB-E7DD-40F1-A43F-247FB3EACC5A}"
EndProject
Project("{2150E333-8FDC-42A3-9474-1A3956D46DE8}") = "01_PublishMessage", "01_PublishMessage", "{85FD5FD9-22A3-4B12-BC48-59162EBBB92B}"
EndProject
Project("{2150E333-8FDC-42A3-9474-1A3956D46DE8}") = "02_DirectMessage", "02_DirectMessage", "{71A7B15E-BC8F-4549-9EC0-1907AE536CB9}"
EndProject
Project("{FAE04EC0-301F-11D3-BF4B-00C04F79EFBC}") = "RequestDirectProducer", "RequestDirectProducer\RequestDirectProducer.csproj", "{14AA40D2-5FF1-4FAB-8426-96A8482C6679}"
EndProject
Project("{FAE04EC0-301F-11D3-BF4B-00C04F79EFBC}") = "DirectMessageConsumer", "DirectMessageConsumer\DirectMessageConsumer.csproj", "{5BBDBDD2-62A6-4831-847C-6100B174581D}"
EndProject
Project("{2150E333-8FDC-42A3-9474-1A3956D46DE8}") = "03_TopicMessage", "03_TopicMessage", "{6587D0C7-1545-44F7-A23A-3EC19083EC21}"
EndProject
Project("{FAE04EC0-301F-11D3-BF4B-00C04F79EFBC}") = "TopicMessageProducer", "TopicMessageProducer\TopicMessageProducer.csproj", "{B20B97C3-A31B-40D3-88B9-D52A382441A1}"
EndProject
Project("{FAE04EC0-301F-11D3-BF4B-00C04F79EFBC}") = "TopicMessageConsumer", "TopicMessageConsumer\TopicMessageConsumer.csproj", "{0538194B-46EC-4D1B-A717-D569739EF398}"
EndProject
Project("{2150E333-8FDC-42A3-9474-1A3956D46DE8}") = "04_FanoutMessage", "04_FanoutMessage", "{433E3BEB-72D6-47ED-8BDF-23F35B560AE8}"
EndProject
Project("{FAE04EC0-301F-11D3-BF4B-00C04F79EFBC}") = "FanoutMessageProducer", "FanoutMessageProducer\FanoutMessageProducer.csproj", "{7998D3CD-75E1-4386-B873-5AE631D66E12}"
EndProject
Project("{FAE04EC0-301F-11D3-BF4B-00C04F79EFBC}") = "FanoutMessageConsumer", "FanoutMessageConsumer\FanoutMessageConsumer.csproj", "{9149641E-2E77-475B-9594-E4818C541B4E}"
EndProject
Global
	GlobalSection(SolutionConfigurationPlatforms) = preSolution
		Debug|Any CPU = Debug|Any CPU
		Release|Any CPU = Release|Any CPU
	EndGlobalSection
	GlobalSection(ProjectConfigurationPlatforms) = postSolution
		{3EC50F12-89CD-46D4-AC41-B5A015A37F9D}.Debug|Any CPU.ActiveCfg = Debug|Any CPU
		{3EC50F12-89CD-46D4-AC41-B5A015A37F9D}.Debug|Any CPU.Build.0 = Debug|Any CPU
		{3EC50F12-89CD-46D4-AC41-B5A015A37F9D}.Release|Any CPU.ActiveCfg = Release|Any CPU
		{3EC50F12-89CD-46D4-AC41-B5A015A37F9D}.Release|Any CPU.Build.0 = Release|Any CPU
		{C063F2BB-E7DD-40F1-A43F-247FB3EACC5A}.Debug|Any CPU.ActiveCfg = Debug|Any CPU
		{C063F2BB-E7DD-40F1-A43F-247FB3EACC5A}.Debug|Any CPU.Build.0 = Debug|Any CPU
		{C063F2BB-E7DD-40F1-A43F-247FB3EACC5A}.Release|Any CPU.ActiveCfg = Release|Any CPU
		{C063F2BB-E7DD-40F1-A43F-247FB3EACC5A}.Release|Any CPU.Build.0 = Release|Any CPU
		{14AA40D2-5FF1-4FAB-8426-96A8482C6679}.Debug|Any CPU.ActiveCfg = Debug|Any CPU
		{14AA40D2-5FF1-4FAB-8426-96A8482C6679}.Debug|Any CPU.Build.0 = Debug|Any CPU
		{14AA40D2-5FF1-4FAB-8426-96A8482C6679}.Release|Any CPU.ActiveCfg = Release|Any CPU
		{14AA40D2-5FF1-4FAB-8426-96A8482C6679}.Release|Any CPU.Build.0 = Release|Any CPU
		{5BBDBDD2-62A6-4831-847C-6100B174581D}.Debug|Any CPU.ActiveCfg = Debug|Any CPU
		{5BBDBDD2-62A6-4831-847C-6100B174581D}.Debug|Any CPU.Build.0 = Debug|Any CPU
		{5BBDBDD2-62A6-4831-847C-6100B174581D}.Release|Any CPU.ActiveCfg = Release|Any CPU
		{5BBDBDD2-62A6-4831-847C-6100B174581D}.Release|Any CPU.Build.0 = Release|Any CPU
		{B20B97C3-A31B-40D3-88B9-D52A382441A1}.Debug|Any CPU.ActiveCfg = Debug|Any CPU
		{B20B97C3-A31B-40D3-88B9-D52A382441A1}.Debug|Any CPU.Build.0 = Debug|Any CPU
		{B20B97C3-A31B-40D3-88B9-D52A382441A1}.Release|Any CPU.ActiveCfg = Release|Any CPU
		{B20B97C3-A31B-40D3-88B9-D52A382441A1}.Release|Any CPU.Build.0 = Release|Any CPU
		{0538194B-46EC-4D1B-A717-D569739EF398}.Debug|Any CPU.ActiveCfg = Debug|Any CPU
		{0538194B-46EC-4D1B-A717-D569739EF398}.Debug|Any CPU.Build.0 = Debug|Any CPU
		{0538194B-46EC-4D1B-A717-D569739EF398}.Release|Any CPU.ActiveCfg = Release|Any CPU
		{0538194B-46EC-4D1B-A717-D569739EF398}.Release|Any CPU.Build.0 = Release|Any CPU
		{7998D3CD-75E1-4386-B873-5AE631D66E12}.Debug|Any CPU.ActiveCfg = Debug|Any CPU
		{7998D3CD-75E1-4386-B873-5AE631D66E12}.Debug|Any CPU.Build.0 = Debug|Any CPU
		{7998D3CD-75E1-4386-B873-5AE631D66E12}.Release|Any CPU.ActiveCfg = Release|Any CPU
		{7998D3CD-75E1-4386-B873-5AE631D66E12}.Release|Any CPU.Build.0 = Release|Any CPU
		{9149641E-2E77-475B-9594-E4818C541B4E}.Debug|Any CPU.ActiveCfg = Debug|Any CPU
		{9149641E-2E77-475B-9594-E4818C541B4E}.Debug|Any CPU.Build.0 = Debug|Any CPU
		{9149641E-2E77-475B-9594-E4818C541B4E}.Release|Any CPU.ActiveCfg = Release|Any CPU
		{9149641E-2E77-475B-9594-E4818C541B4E}.Release|Any CPU.Build.0 = Release|Any CPU
	EndGlobalSection
	GlobalSection(NestedProjects) = preSolution
		{C063F2BB-E7DD-40F1-A43F-247FB3EACC5A} = {85FD5FD9-22A3-4B12-BC48-59162EBBB92B}
		{3EC50F12-89CD-46D4-AC41-B5A015A37F9D} = {85FD5FD9-22A3-4B12-BC48-59162EBBB92B}
		{14AA40D2-5FF1-4FAB-8426-96A8482C6679} = {71A7B15E-BC8F-4549-9EC0-1907AE536CB9}
		{5BBDBDD2-62A6-4831-847C-6100B174581D} = {71A7B15E-BC8F-4549-9EC0-1907AE536CB9}
		{B20B97C3-A31B-40D3-88B9-D52A382441A1} = {6587D0C7-1545-44F7-A23A-3EC19083EC21}
		{0538194B-46EC-4D1B-A717-D569739EF398} = {6587D0C7-1545-44F7-A23A-3EC19083EC21}
		{7998D3CD-75E1-4386-B873-5AE631D66E12} = {433E3BEB-72D6-47ED-8BDF-23F35B560AE8}
		{9149641E-2E77-475B-9594-E4818C541B4E} = {433E3BEB-72D6-47ED-8BDF-23F35B560AE8}
	EndGlobalSection
EndGlobal
